
Microsoft Visual Studio Solution File, Format Version 12.00
# Visual Studio Version 17
VisualStudioVersion = 17.4.33213.308
MinimumVisualStudioVersion = 10.0.40219.1
Project("{9A19103F-16F7-4668-BE54-9A1E7A4F7556}") = "parameters", "parameters\parameters.csproj", "{E9B9B0C8-8FC1-4377-9D50-EE477454AEA9}"
EndProject
Project("{9A19103F-16F7-4668-BE54-9A1E7A4F7556}") = "default.argument.values", "default.argument.values\default.argument.values.csproj", "{D28982F2-9E38-405F-8F0F-A8A2ACEE7B5A}"
EndProject
Project("{9A19103F-16F7-4668-BE54-9A1E7A4F7556}") = "autoboxing", "autoboxing\autoboxing.csproj", "{C841FBB8-E1C7-450F-94C9-3FE606B28A15}"
EndProject
Project("{9A19103F-16F7-4668-BE54-9A1E7A4F7556}") = "extension.methods", "extension.methods\extension.methods.csproj", "{562BBF99-FA60-477E-8DFD-87BD246ED55B}"
EndProject
Project("{9A19103F-16F7-4668-BE54-9A1E7A4F7556}") = "operators", "operators\operators.csproj", "{40D16AB8-0F8D-4A1C-AC6D-88FC4A9ED7E3}"
EndProject
Global
	GlobalSection(SolutionConfigurationPlatforms) = preSolution
		Debug|Any CPU = Debug|Any CPU
		Release|Any CPU = Release|Any CPU
	EndGlobalSection
	GlobalSection(ProjectConfigurationPlatforms) = postSolution
		{E9B9B0C8-8FC1-4377-9D50-EE477454AEA9}.Debug|Any CPU.ActiveCfg = Debug|Any CPU
		{E9B9B0C8-8FC1-4377-9D50-EE477454AEA9}.Debug|Any CPU.Build.0 = Debug|Any CPU
		{E9B9B0C8-8FC1-4377-9D50-EE477454AEA9}.Release|Any CPU.ActiveCfg = Release|Any CPU
		{E9B9B0C8-8FC1-4377-9D50-EE477454AEA9}.Release|Any CPU.Build.0 = Release|Any CPU
		{D28982F2-9E38-405F-8F0F-A8A2ACEE7B5A}.Debug|Any CPU.ActiveCfg = Debug|Any CPU
		{D28982F2-9E38-405F-8F0F-A8A2ACEE7B5A}.Debug|Any CPU.Build.0 = Debug|Any CPU
		{D28982F2-9E38-405F-8F0F-A8A2ACEE7B5A}.Release|Any CPU.ActiveCfg = Release|Any CPU
		{D28982F2-9E38-405F-8F0F-A8A2ACEE7B5A}.Release|Any CPU.Build.0 = Release|Any CPU
		{C841FBB8-E1C7-450F-94C9-3FE606B28A15}.Debug|Any CPU.ActiveCfg = Debug|Any CPU
		{C841FBB8-E1C7-450F-94C9-3FE606B28A15}.Debug|Any CPU.Build.0 = Debug|Any CPU
		{C841FBB8-E1C7-450F-94C9-3FE606B28A15}.Release|Any CPU.ActiveCfg = Release|Any CPU
		{C841FBB8-E1C7-450F-94C9-3FE606B28A15}.Release|Any CPU.Build.0 = Release|Any CPU
		{562BBF99-FA60-477E-8DFD-87BD246ED55B}.Debug|Any CPU.ActiveCfg = Debug|Any CPU
		{562BBF99-FA60-477E-8DFD-87BD246ED55B}.Debug|Any CPU.Build.0 = Debug|Any CPU
		{562BBF99-FA60-477E-8DFD-87BD246ED55B}.Release|Any CPU.ActiveCfg = Release|Any CPU
		{562BBF99-FA60-477E-8DFD-87BD246ED55B}.Release|Any CPU.Build.0 = Release|Any CPU
		{0A0BB5B7-2FC4-4378-B605-84E10D40B4DC}.Debug|Any CPU.ActiveCfg = Debug|Any CPU
		{0A0BB5B7-2FC4-4378-B605-84E10D40B4DC}.Debug|Any CPU.Build.0 = Debug|Any CPU
		{0A0BB5B7-2FC4-4378-B605-84E10D40B4DC}.Release|Any CPU.ActiveCfg = Release|Any CPU
		{0A0BB5B7-2FC4-4378-B605-84E10D40B4DC}.Release|Any CPU.Build.0 = Release|Any CPU
		{5AA1BE69-7426-4ACE-985E-9C132C3558A6}.Debug|Any CPU.ActiveCfg = Debug|Any CPU
		{5AA1BE69-7426-4ACE-985E-9C132C3558A6}.Debug|Any CPU.Build.0 = Debug|Any CPU
		{5AA1BE69-7426-4ACE-985E-9C132C3558A6}.Release|Any CPU.ActiveCfg = Release|Any CPU
		{5AA1BE69-7426-4ACE-985E-9C132C3558A6}.Release|Any CPU.Build.0 = Release|Any CPU
		{40D16AB8-0F8D-4A1C-AC6D-88FC4A9ED7E3}.Debug|Any CPU.ActiveCfg = Debug|Any CPU
		{40D16AB8-0F8D-4A1C-AC6D-88FC4A9ED7E3}.Debug|Any CPU.Build.0 = Debug|Any CPU
		{40D16AB8-0F8D-4A1C-AC6D-88FC4A9ED7E3}.Release|Any CPU.ActiveCfg = Release|Any CPU
		{40D16AB8-0F8D-4A1C-AC6D-88FC4A9ED7E3}.Release|Any CPU.Build.0 = Release|Any CPU
	EndGlobalSection
	GlobalSection(SolutionProperties) = preSolution
		HideSolutionNode = FALSE
	EndGlobalSection
	GlobalSection(ExtensibilityGlobals) = postSolution
		SolutionGuid = {FCBCE796-F0AD-46FF-979F-F0BD571297CC}
	EndGlobalSection
EndGlobal
