
Microsoft Visual Studio Solution File, Format Version 12.00
# Visual Studio Version 17
VisualStudioVersion = 17.4.33213.308
MinimumVisualStudioVersion = 10.0.40219.1
Project("{9A19103F-16F7-4668-BE54-9A1E7A4F7556}") = "model", "model\model.csproj", "{56FA5FD9-0615-4B08-96E1-4A7E866D67F9}"
EndProject
Project("{FAE04EC0-301F-11D3-BF4B-00C04F79EFBC}") = "queries", "queries\queries.csproj", "{38637F98-A69C-4326-8CDA-F70C3C370568}"
EndProject
Global
	GlobalSection(SolutionConfigurationPlatforms) = preSolution
		Debug|Any CPU = Debug|Any CPU
		Debug|Mixed Platforms = Debug|Mixed Platforms
		Debug|x86 = Debug|x86
		Release|Any CPU = Release|Any CPU
		Release|Mixed Platforms = Release|Mixed Platforms
		Release|x86 = Release|x86
	EndGlobalSection
	GlobalSection(ProjectConfigurationPlatforms) = postSolution
		{56FA5FD9-0615-4B08-96E1-4A7E866D67F9}.Debug|Any CPU.ActiveCfg = Debug|Any CPU
		{56FA5FD9-0615-4B08-96E1-4A7E866D67F9}.Debug|Any CPU.Build.0 = Debug|Any CPU
		{56FA5FD9-0615-4B08-96E1-4A7E866D67F9}.Debug|Mixed Platforms.ActiveCfg = Debug|Any CPU
		{56FA5FD9-0615-4B08-96E1-4A7E866D67F9}.Debug|Mixed Platforms.Build.0 = Debug|Any CPU
		{56FA5FD9-0615-4B08-96E1-4A7E866D67F9}.Debug|x86.ActiveCfg = Debug|Any CPU
		{56FA5FD9-0615-4B08-96E1-4A7E866D67F9}.Debug|x86.Build.0 = Debug|Any CPU
		{56FA5FD9-0615-4B08-96E1-4A7E866D67F9}.Release|Any CPU.ActiveCfg = Release|Any CPU
		{56FA5FD9-0615-4B08-96E1-4A7E866D67F9}.Release|Any CPU.Build.0 = Release|Any CPU
		{56FA5FD9-0615-4B08-96E1-4A7E866D67F9}.Release|Mixed Platforms.ActiveCfg = Release|Any CPU
		{56FA5FD9-0615-4B08-96E1-4A7E866D67F9}.Release|Mixed Platforms.Build.0 = Release|Any CPU
		{56FA5FD9-0615-4B08-96E1-4A7E866D67F9}.Release|x86.ActiveCfg = Release|Any CPU
		{38637F98-A69C-4326-8CDA-F70C3C370568}.Debug|Any CPU.ActiveCfg = Debug|Any CPU
		{38637F98-A69C-4326-8CDA-F70C3C370568}.Debug|Any CPU.Build.0 = Debug|Any CPU
		{38637F98-A69C-4326-8CDA-F70C3C370568}.Debug|Mixed Platforms.ActiveCfg = Debug|Any CPU
		{38637F98-A69C-4326-8CDA-F70C3C370568}.Debug|Mixed Platforms.Build.0 = Debug|Any CPU
		{38637F98-A69C-4326-8CDA-F70C3C370568}.Debug|x86.ActiveCfg = Debug|Any CPU
		{38637F98-A69C-4326-8CDA-F70C3C370568}.Debug|x86.Build.0 = Debug|Any CPU
		{38637F98-A69C-4326-8CDA-F70C3C370568}.Release|Any CPU.ActiveCfg = Release|Any CPU
		{38637F98-A69C-4326-8CDA-F70C3C370568}.Release|Any CPU.Build.0 = Release|Any CPU
		{38637F98-A69C-4326-8CDA-F70C3C370568}.Release|Mixed Platforms.ActiveCfg = Release|Any CPU
		{38637F98-A69C-4326-8CDA-F70C3C370568}.Release|Mixed Platforms.Build.0 = Release|Any CPU
		{38637F98-A69C-4326-8CDA-F70C3C370568}.Release|x86.ActiveCfg = Release|Any CPU
		{38637F98-A69C-4326-8CDA-F70C3C370568}.Release|x86.Build.0 = Release|Any CPU
	EndGlobalSection
	GlobalSection(SolutionProperties) = preSolution
		HideSolutionNode = FALSE
	EndGlobalSection
	GlobalSection(ExtensibilityGlobals) = postSolution
		SolutionGuid = {C37F32F4-1FF2-4E0B-8DB5-A732BF29F60D}
	EndGlobalSection
EndGlobal
